{
  "requires": true,
  "lockfileVersion": 1,
  "dependencies": {
    "bootstrap4-show-password": {
      "version": "1.0.0",
      "resolved": "https://registry.npmjs.org/bootstrap4-show-password/-/bootstrap4-show-password-1.0.0.tgz",
      "integrity": "sha512-QhBhPix82uHlnGHtpxLeuIeudu+Huz/TegvH/snptL/DkYL3hvwhNKlYOHfL4fqdkIROV2Iy/bxdYurwgoP0oQ=="
    }
  }
}
